
Microsoft Visual Studio Solution File, Format Version 12.00
# Visual Studio Version 17
VisualStudioVersion = 17.6.33815.320
MinimumVisualStudioVersion = 10.0.40219.1
Project("{9A19103F-16F7-4668-BE54-9A1E7A4F7556}") = "Fibonacci", "Fibonacci\Fibonacci.csproj", "{19FEF20E-4BDF-4598-96F6-3555BFDDC158}"
EndProject
Project("{9A19103F-16F7-4668-BE54-9A1E7A4F7556}") = "Szorzótábla", "Szorzótábla\Szorzótábla.csproj", "{A26C8C41-C4A6-40A7-A05E-AF0DFE63CDB8}"
EndProject
Project("{9A19103F-16F7-4668-BE54-9A1E7A4F7556}") = "Pascal", "Pascal\Pascal.csproj", "{78836506-9C54-46C2-9633-5D65801A9B57}"
EndProject
Project("{9A19103F-16F7-4668-BE54-9A1E7A4F7556}") = "Kobolgomb", "Kobolgomb\Kobolgomb.csproj", "{CE3F96D6-2A3C-4103-8BEE-75DF5C05A4C7}"
EndProject
Project("{9A19103F-16F7-4668-BE54-9A1E7A4F7556}") = "Hajó", "Hajó\Hajó.csproj", "{9C233235-B417-4F76-B725-1A5601F3E283}"
EndProject
Project("{9A19103F-16F7-4668-BE54-9A1E7A4F7556}") = "Kígyó", "Kígyó\Kígyó.csproj", "{23E2225D-E3B2-4D36-AED1-40E1085E9381}"
EndProject
Project("{FAE04EC0-301F-11D3-BF4B-00C04F79EFBC}") = "Országok", "Országok\Országok.csproj", "{28FC2047-A1F3-4351-B8C0-35529B008FB8}"
EndProject
Project("{9A19103F-16F7-4668-BE54-9A1E7A4F7556}") = "Országok2", "Országok2\Országok2.csproj", "{B3828B7F-4E97-44EC-A09A-765725F78940}"
EndProject
Project("{9A19103F-16F7-4668-BE54-9A1E7A4F7556}") = "RemotelDbTest", "RemotelDbTest\RemotelDbTest.csproj", "{2D7125F3-EF08-4999-99BA-FC61E06C73CF}"
EndProject
Project("{9A19103F-16F7-4668-BE54-9A1E7A4F7556}") = "Csillag", "Csillag\Csillag.csproj", "{897519F5-DA6D-40AB-9470-34D38235498A}"
EndProject
Project("{9A19103F-16F7-4668-BE54-9A1E7A4F7556}") = "Studies", "Studies\Studies.csproj", "{699D1E67-93E1-4672-A3A4-E5EB3F63936D}"
EndProject
Project("{FAE04EC0-301F-11D3-BF4B-00C04F79EFBC}") = "Memoria", "Memoria\Memoria.csproj", "{1C6D847D-CEC5-47C9-9D66-34A4E9895D4C}"
EndProject
Global
	GlobalSection(SolutionConfigurationPlatforms) = preSolution
		Debug|Any CPU = Debug|Any CPU
		Release|Any CPU = Release|Any CPU
	EndGlobalSection
	GlobalSection(ProjectConfigurationPlatforms) = postSolution
		{19FEF20E-4BDF-4598-96F6-3555BFDDC158}.Debug|Any CPU.ActiveCfg = Debug|Any CPU
		{19FEF20E-4BDF-4598-96F6-3555BFDDC158}.Debug|Any CPU.Build.0 = Debug|Any CPU
		{19FEF20E-4BDF-4598-96F6-3555BFDDC158}.Release|Any CPU.ActiveCfg = Release|Any CPU
		{19FEF20E-4BDF-4598-96F6-3555BFDDC158}.Release|Any CPU.Build.0 = Release|Any CPU
		{A26C8C41-C4A6-40A7-A05E-AF0DFE63CDB8}.Debug|Any CPU.ActiveCfg = Debug|Any CPU
		{A26C8C41-C4A6-40A7-A05E-AF0DFE63CDB8}.Debug|Any CPU.Build.0 = Debug|Any CPU
		{A26C8C41-C4A6-40A7-A05E-AF0DFE63CDB8}.Release|Any CPU.ActiveCfg = Release|Any CPU
		{A26C8C41-C4A6-40A7-A05E-AF0DFE63CDB8}.Release|Any CPU.Build.0 = Release|Any CPU
		{78836506-9C54-46C2-9633-5D65801A9B57}.Debug|Any CPU.ActiveCfg = Debug|Any CPU
		{78836506-9C54-46C2-9633-5D65801A9B57}.Debug|Any CPU.Build.0 = Debug|Any CPU
		{78836506-9C54-46C2-9633-5D65801A9B57}.Release|Any CPU.ActiveCfg = Release|Any CPU
		{78836506-9C54-46C2-9633-5D65801A9B57}.Release|Any CPU.Build.0 = Release|Any CPU
		{CE3F96D6-2A3C-4103-8BEE-75DF5C05A4C7}.Debug|Any CPU.ActiveCfg = Debug|Any CPU
		{CE3F96D6-2A3C-4103-8BEE-75DF5C05A4C7}.Debug|Any CPU.Build.0 = Debug|Any CPU
		{CE3F96D6-2A3C-4103-8BEE-75DF5C05A4C7}.Release|Any CPU.ActiveCfg = Release|Any CPU
		{CE3F96D6-2A3C-4103-8BEE-75DF5C05A4C7}.Release|Any CPU.Build.0 = Release|Any CPU
		{9C233235-B417-4F76-B725-1A5601F3E283}.Debug|Any CPU.ActiveCfg = Debug|Any CPU
		{9C233235-B417-4F76-B725-1A5601F3E283}.Debug|Any CPU.Build.0 = Debug|Any CPU
		{9C233235-B417-4F76-B725-1A5601F3E283}.Release|Any CPU.ActiveCfg = Release|Any CPU
		{9C233235-B417-4F76-B725-1A5601F3E283}.Release|Any CPU.Build.0 = Release|Any CPU
		{23E2225D-E3B2-4D36-AED1-40E1085E9381}.Debug|Any CPU.ActiveCfg = Debug|Any CPU
		{23E2225D-E3B2-4D36-AED1-40E1085E9381}.Debug|Any CPU.Build.0 = Debug|Any CPU
		{23E2225D-E3B2-4D36-AED1-40E1085E9381}.Release|Any CPU.ActiveCfg = Release|Any CPU
		{23E2225D-E3B2-4D36-AED1-40E1085E9381}.Release|Any CPU.Build.0 = Release|Any CPU
		{28FC2047-A1F3-4351-B8C0-35529B008FB8}.Debug|Any CPU.ActiveCfg = Debug|Any CPU
		{28FC2047-A1F3-4351-B8C0-35529B008FB8}.Debug|Any CPU.Build.0 = Debug|Any CPU
		{28FC2047-A1F3-4351-B8C0-35529B008FB8}.Release|Any CPU.ActiveCfg = Release|Any CPU
		{28FC2047-A1F3-4351-B8C0-35529B008FB8}.Release|Any CPU.Build.0 = Release|Any CPU
		{B3828B7F-4E97-44EC-A09A-765725F78940}.Debug|Any CPU.ActiveCfg = Debug|Any CPU
		{B3828B7F-4E97-44EC-A09A-765725F78940}.Debug|Any CPU.Build.0 = Debug|Any CPU
		{B3828B7F-4E97-44EC-A09A-765725F78940}.Release|Any CPU.ActiveCfg = Release|Any CPU
		{B3828B7F-4E97-44EC-A09A-765725F78940}.Release|Any CPU.Build.0 = Release|Any CPU
		{2D7125F3-EF08-4999-99BA-FC61E06C73CF}.Debug|Any CPU.ActiveCfg = Debug|Any CPU
		{2D7125F3-EF08-4999-99BA-FC61E06C73CF}.Debug|Any CPU.Build.0 = Debug|Any CPU
		{2D7125F3-EF08-4999-99BA-FC61E06C73CF}.Release|Any CPU.ActiveCfg = Release|Any CPU
		{2D7125F3-EF08-4999-99BA-FC61E06C73CF}.Release|Any CPU.Build.0 = Release|Any CPU
		{897519F5-DA6D-40AB-9470-34D38235498A}.Debug|Any CPU.ActiveCfg = Debug|Any CPU
		{897519F5-DA6D-40AB-9470-34D38235498A}.Debug|Any CPU.Build.0 = Debug|Any CPU
		{897519F5-DA6D-40AB-9470-34D38235498A}.Release|Any CPU.ActiveCfg = Release|Any CPU
		{897519F5-DA6D-40AB-9470-34D38235498A}.Release|Any CPU.Build.0 = Release|Any CPU
		{699D1E67-93E1-4672-A3A4-E5EB3F63936D}.Debug|Any CPU.ActiveCfg = Debug|Any CPU
		{699D1E67-93E1-4672-A3A4-E5EB3F63936D}.Debug|Any CPU.Build.0 = Debug|Any CPU
		{699D1E67-93E1-4672-A3A4-E5EB3F63936D}.Release|Any CPU.ActiveCfg = Release|Any CPU
		{699D1E67-93E1-4672-A3A4-E5EB3F63936D}.Release|Any CPU.Build.0 = Release|Any CPU
		{1C6D847D-CEC5-47C9-9D66-34A4E9895D4C}.Debug|Any CPU.ActiveCfg = Debug|Any CPU
		{1C6D847D-CEC5-47C9-9D66-34A4E9895D4C}.Debug|Any CPU.Build.0 = Debug|Any CPU
		{1C6D847D-CEC5-47C9-9D66-34A4E9895D4C}.Release|Any CPU.ActiveCfg = Release|Any CPU
		{1C6D847D-CEC5-47C9-9D66-34A4E9895D4C}.Release|Any CPU.Build.0 = Release|Any CPU
	EndGlobalSection
	GlobalSection(SolutionProperties) = preSolution
		HideSolutionNode = FALSE
	EndGlobalSection
	GlobalSection(ExtensibilityGlobals) = postSolution
		SolutionGuid = {460481B6-1335-4F2E-8065-24D269807798}
	EndGlobalSection
EndGlobal
