
Microsoft Visual Studio Solution File, Format Version 12.00
# Visual Studio Version 17
VisualStudioVersion = 17.6.33815.320
MinimumVisualStudioVersion = 10.0.40219.1
Project("{9A19103F-16F7-4668-BE54-9A1E7A4F7556}") = "Fibonacci", "Fibonacci\Fibonacci.csproj", "{19FEF20E-4BDF-4598-96F6-3555BFDDC158}"
EndProject
Project("{9A19103F-16F7-4668-BE54-9A1E7A4F7556}") = "Szorzótábla", "Szorzótábla\Szorzótábla.csproj", "{A26C8C41-C4A6-40A7-A05E-AF0DFE63CDB8}"
EndProject
Project("{FAE04EC0-301F-11D3-BF4B-00C04F79EFBC}") = "Pascal", "Pascal\Pascal.csproj", "{78836506-9C54-46C2-9633-5D65801A9B57}"
EndProject
Global
	GlobalSection(SolutionConfigurationPlatforms) = preSolution
		Debug|Any CPU = Debug|Any CPU
		Release|Any CPU = Release|Any CPU
	EndGlobalSection
	GlobalSection(ProjectConfigurationPlatforms) = postSolution
		{19FEF20E-4BDF-4598-96F6-3555BFDDC158}.Debug|Any CPU.ActiveCfg = Debug|Any CPU
		{19FEF20E-4BDF-4598-96F6-3555BFDDC158}.Debug|Any CPU.Build.0 = Debug|Any CPU
		{19FEF20E-4BDF-4598-96F6-3555BFDDC158}.Release|Any CPU.ActiveCfg = Release|Any CPU
		{19FEF20E-4BDF-4598-96F6-3555BFDDC158}.Release|Any CPU.Build.0 = Release|Any CPU
		{A26C8C41-C4A6-40A7-A05E-AF0DFE63CDB8}.Debug|Any CPU.ActiveCfg = Debug|Any CPU
		{A26C8C41-C4A6-40A7-A05E-AF0DFE63CDB8}.Debug|Any CPU.Build.0 = Debug|Any CPU
		{A26C8C41-C4A6-40A7-A05E-AF0DFE63CDB8}.Release|Any CPU.ActiveCfg = Release|Any CPU
		{A26C8C41-C4A6-40A7-A05E-AF0DFE63CDB8}.Release|Any CPU.Build.0 = Release|Any CPU
		{78836506-9C54-46C2-9633-5D65801A9B57}.Debug|Any CPU.ActiveCfg = Debug|Any CPU
		{78836506-9C54-46C2-9633-5D65801A9B57}.Debug|Any CPU.Build.0 = Debug|Any CPU
		{78836506-9C54-46C2-9633-5D65801A9B57}.Release|Any CPU.ActiveCfg = Release|Any CPU
		{78836506-9C54-46C2-9633-5D65801A9B57}.Release|Any CPU.Build.0 = Release|Any CPU
	EndGlobalSection
	GlobalSection(SolutionProperties) = preSolution
		HideSolutionNode = FALSE
	EndGlobalSection
	GlobalSection(ExtensibilityGlobals) = postSolution
		SolutionGuid = {460481B6-1335-4F2E-8065-24D269807798}
	EndGlobalSection
EndGlobal
